
Microsoft Visual Studio Solution File, Format Version 12.00
# Visual Studio Version 16
VisualStudioVersion = 16.0.30717.126
MinimumVisualStudioVersion = 10.0.40219.1
Project("{9A19103F-16F7-4668-BE54-9A1E7A4F7556}") = "BlazorMovies.Server", "BlazorMovies\Server\BlazorMovies.Server.csproj", "{08B2F0F9-B8E1-4A93-B056-40F8B80ED510}"
EndProject
Project("{9A19103F-16F7-4668-BE54-9A1E7A4F7556}") = "BlazorMovies.Client", "BlazorMovies\Client\BlazorMovies.Client.csproj", "{879AEF3A-4815-42C0-B92F-163A705CBFB4}"
EndProject
Project("{9A19103F-16F7-4668-BE54-9A1E7A4F7556}") = "BlazorMovies.Shared", "BlazorMovies\Shared\BlazorMovies.Shared.csproj", "{79DD1C91-D994-495E-B5ED-3E4E6B615191}"
EndProject
Global
	GlobalSection(SolutionConfigurationPlatforms) = preSolution
		Debug|Any CPU = Debug|Any CPU
		Release|Any CPU = Release|Any CPU
	EndGlobalSection
	GlobalSection(ProjectConfigurationPlatforms) = postSolution
		{08B2F0F9-B8E1-4A93-B056-40F8B80ED510}.Debug|Any CPU.ActiveCfg = Debug|Any CPU
		{08B2F0F9-B8E1-4A93-B056-40F8B80ED510}.Debug|Any CPU.Build.0 = Debug|Any CPU
		{08B2F0F9-B8E1-4A93-B056-40F8B80ED510}.Release|Any CPU.ActiveCfg = Release|Any CPU
		{08B2F0F9-B8E1-4A93-B056-40F8B80ED510}.Release|Any CPU.Build.0 = Release|Any CPU
		{879AEF3A-4815-42C0-B92F-163A705CBFB4}.Debug|Any CPU.ActiveCfg = Debug|Any CPU
		{879AEF3A-4815-42C0-B92F-163A705CBFB4}.Debug|Any CPU.Build.0 = Debug|Any CPU
		{879AEF3A-4815-42C0-B92F-163A705CBFB4}.Release|Any CPU.ActiveCfg = Release|Any CPU
		{879AEF3A-4815-42C0-B92F-163A705CBFB4}.Release|Any CPU.Build.0 = Release|Any CPU
		{79DD1C91-D994-495E-B5ED-3E4E6B615191}.Debug|Any CPU.ActiveCfg = Debug|Any CPU
		{79DD1C91-D994-495E-B5ED-3E4E6B615191}.Debug|Any CPU.Build.0 = Debug|Any CPU
		{79DD1C91-D994-495E-B5ED-3E4E6B615191}.Release|Any CPU.ActiveCfg = Release|Any CPU
		{79DD1C91-D994-495E-B5ED-3E4E6B615191}.Release|Any CPU.Build.0 = Release|Any CPU
	EndGlobalSection
	GlobalSection(SolutionProperties) = preSolution
		HideSolutionNode = FALSE
	EndGlobalSection
	GlobalSection(ExtensibilityGlobals) = postSolution
		SolutionGuid = {38837EC4-1594-4390-80D6-04D856262F75}
	EndGlobalSection
EndGlobal
